<?xml version="1.0" encoding="UTF-8" standalone="yes" ?>
<CodeBlocks_project_file>
	<FileVersion major="1" minor="6" />
	<Project>
		<Option title="git-crypt" />
		<Option pch_mode="2" />
		<Option compiler="gcc" />
		<Option virtualFolders="Build\;Docs\;" />
		<Build>
			<Target title="Debug">
				<Option output="bin/Debug/git-crypt" prefix_auto="1" extension_auto="1" />
				<Option object_output="obj/Debug/" />
				<Option type="1" />
				<Option compiler="gcc" />
				<Compiler>
					<Add option="-g" />
				</Compiler>
				<Linker>
					<Add library="crypto" />
					<Add library="gdi32" />
					<Add library="wsock32" />
				</Linker>
			</Target>
			<Target title="Release">
				<Option output="bin/Release/git-crypt" prefix_auto="1" extension_auto="1" />
				<Option object_output="obj/Release/" />
				<Option type="1" />
				<Option compiler="gcc" />
				<Compiler>
					<Add option="-O2" />
				</Compiler>
				<Linker>
					<Add option="-s" />
					<Add library="crypto" />
					<Add library="gdi32" />
					<Add library="wsock32" />
				</Linker>
			</Target>
		</Build>
		<Compiler>
			<Add option="-Wall" />
			<Add option="-fexceptions" />
		</Compiler>
		<Unit filename="AUTHORS">
			<Option virtualFolder="Docs/" />
			<Option target="Release" />
		</Unit>
		<Unit filename="COPYING">
			<Option virtualFolder="Docs/" />
			<Option target="Release" />
		</Unit>
		<Unit filename="INSTALL">
			<Option virtualFolder="Docs/" />
			<Option target="Release" />
		</Unit>
		<Unit filename="Makefile">
			<Option virtualFolder="Build/" />
			<Option target="Release" />
		</Unit>
		<Unit filename="NEWS">
			<Option virtualFolder="Docs/" />
			<Option target="Release" />
		</Unit>
		<Unit filename="README">
			<Option virtualFolder="Docs/" />
			<Option target="Release" />
		</Unit>
		<Unit filename="commands.cpp" />
		<Unit filename="commands.hpp" />
		<Unit filename="crypto.cpp" />
		<Unit filename="crypto.hpp" />
		<Unit filename="git-crypt.cbp">
			<Option virtualFolder="Build/" />
		</Unit>
		<Unit filename="git-crypt.cpp" />
		<Unit filename="util.cpp" />
		<Unit filename="util.hpp" />
		<Extensions>
			<code_completion />
			<envvars />
			<debugger />
			<lib_finder disable_auto="1" />
		</Extensions>
	</Project>
</CodeBlocks_project_file>
